
Microsoft Visual Studio Solution File, Format Version 12.00
# Visual Studio Version 17
VisualStudioVersion = 17.7.34018.315
MinimumVisualStudioVersion = 10.0.40219.1
Project("{FAE04EC0-301F-11D3-BF4B-00C04F79EFBC}") = "MvcWithBlazorTest.Mvc", "MvcWithBlazorTest.Mvc\MvcWithBlazorTest.Mvc.csproj", "{EE603561-AE2B-44B3-8EB7-32A038EE1C45}"
EndProject
Project("{FAE04EC0-301F-11D3-BF4B-00C04F79EFBC}") = "MvcWithBlazorTest.Blazor", "MvcWithBlazorTest.Blazor\MvcWithBlazorTest.Blazor.csproj", "{6AAD2E03-12F1-409F-8F6B-6694C09CC087}"
EndProject
Project("{FAE04EC0-301F-11D3-BF4B-00C04F79EFBC}") = "MvcWithBlazorTest.Shared", "MvcWithBlazorTest.Shared\MvcWithBlazorTest.Shared.csproj", "{266EC1C4-A710-4B82-941E-05B5377A7B57}"
EndProject
Global
	GlobalSection(SolutionConfigurationPlatforms) = preSolution
		Debug|Any CPU = Debug|Any CPU
		Release|Any CPU = Release|Any CPU
	EndGlobalSection
	GlobalSection(ProjectConfigurationPlatforms) = postSolution
		{EE603561-AE2B-44B3-8EB7-32A038EE1C45}.Debug|Any CPU.ActiveCfg = Debug|Any CPU
		{EE603561-AE2B-44B3-8EB7-32A038EE1C45}.Debug|Any CPU.Build.0 = Debug|Any CPU
		{EE603561-AE2B-44B3-8EB7-32A038EE1C45}.Release|Any CPU.ActiveCfg = Release|Any CPU
		{EE603561-AE2B-44B3-8EB7-32A038EE1C45}.Release|Any CPU.Build.0 = Release|Any CPU
		{6AAD2E03-12F1-409F-8F6B-6694C09CC087}.Debug|Any CPU.ActiveCfg = Debug|Any CPU
		{6AAD2E03-12F1-409F-8F6B-6694C09CC087}.Debug|Any CPU.Build.0 = Debug|Any CPU
		{6AAD2E03-12F1-409F-8F6B-6694C09CC087}.Release|Any CPU.ActiveCfg = Release|Any CPU
		{6AAD2E03-12F1-409F-8F6B-6694C09CC087}.Release|Any CPU.Build.0 = Release|Any CPU
		{266EC1C4-A710-4B82-941E-05B5377A7B57}.Debug|Any CPU.ActiveCfg = Debug|Any CPU
		{266EC1C4-A710-4B82-941E-05B5377A7B57}.Debug|Any CPU.Build.0 = Debug|Any CPU
		{266EC1C4-A710-4B82-941E-05B5377A7B57}.Release|Any CPU.ActiveCfg = Release|Any CPU
		{266EC1C4-A710-4B82-941E-05B5377A7B57}.Release|Any CPU.Build.0 = Release|Any CPU
	EndGlobalSection
	GlobalSection(SolutionProperties) = preSolution
		HideSolutionNode = FALSE
	EndGlobalSection
	GlobalSection(ExtensibilityGlobals) = postSolution
		SolutionGuid = {CCA9D6D0-AC04-4D08-97F3-A97E72229A1E}
	EndGlobalSection
EndGlobal
